
Microsoft Visual Studio Solution File, Format Version 12.00
# Visual Studio Version 17
VisualStudioVersion = 17.3.32929.385
MinimumVisualStudioVersion = 10.0.40219.1
Project("{FAE04EC0-301F-11D3-BF4B-00C04F79EFBC}") = "Simpletype", "Simpletype\Simpletype.csproj", "{17851B6B-3805-412A-966F-5B4D123E2F33}"
EndProject
Global
	GlobalSection(SolutionConfigurationPlatforms) = preSolution
		Debug|Any CPU = Debug|Any CPU
		Release|Any CPU = Release|Any CPU
	EndGlobalSection
	GlobalSection(ProjectConfigurationPlatforms) = postSolution
		{17851B6B-3805-412A-966F-5B4D123E2F33}.Debug|Any CPU.ActiveCfg = Debug|Any CPU
		{17851B6B-3805-412A-966F-5B4D123E2F33}.Debug|Any CPU.Build.0 = Debug|Any CPU
		{17851B6B-3805-412A-966F-5B4D123E2F33}.Release|Any CPU.ActiveCfg = Release|Any CPU
		{17851B6B-3805-412A-966F-5B4D123E2F33}.Release|Any CPU.Build.0 = Release|Any CPU
	EndGlobalSection
	GlobalSection(SolutionProperties) = preSolution
		HideSolutionNode = FALSE
	EndGlobalSection
	GlobalSection(ExtensibilityGlobals) = postSolution
		SolutionGuid = {FFE4932D-604A-456A-846B-4CE4C9DF05B4}
	EndGlobalSection
EndGlobal
