
Microsoft Visual Studio Solution File, Format Version 12.00
# Visual Studio Version 17
VisualStudioVersion = 17.3.32929.385
MinimumVisualStudioVersion = 10.0.40219.1
Project("{FAE04EC0-301F-11D3-BF4B-00C04F79EFBC}") = "Bank", "Bank\Bank.csproj", "{53447613-A870-4981-A938-40B1F99CF43B}"
EndProject
Global
	GlobalSection(SolutionConfigurationPlatforms) = preSolution
		Debug|Any CPU = Debug|Any CPU
		Release|Any CPU = Release|Any CPU
	EndGlobalSection
	GlobalSection(ProjectConfigurationPlatforms) = postSolution
		{53447613-A870-4981-A938-40B1F99CF43B}.Debug|Any CPU.ActiveCfg = Debug|Any CPU
		{53447613-A870-4981-A938-40B1F99CF43B}.Debug|Any CPU.Build.0 = Debug|Any CPU
		{53447613-A870-4981-A938-40B1F99CF43B}.Release|Any CPU.ActiveCfg = Release|Any CPU
		{53447613-A870-4981-A938-40B1F99CF43B}.Release|Any CPU.Build.0 = Release|Any CPU
	EndGlobalSection
	GlobalSection(SolutionProperties) = preSolution
		HideSolutionNode = FALSE
	EndGlobalSection
	GlobalSection(ExtensibilityGlobals) = postSolution
		SolutionGuid = {5523CD87-9A84-4425-86E3-FC32A2787B84}
	EndGlobalSection
EndGlobal
