
Microsoft Visual Studio Solution File, Format Version 12.00
# Visual Studio Version 17
VisualStudioVersion = 17.3.32929.385
MinimumVisualStudioVersion = 10.0.40219.1
Project("{FAE04EC0-301F-11D3-BF4B-00C04F79EFBC}") = "StackException", "StackException\StackException.csproj", "{24C6F1A9-09E7-4F48-BF5B-2C64904F8B15}"
EndProject
Global
	GlobalSection(SolutionConfigurationPlatforms) = preSolution
		Debug|Any CPU = Debug|Any CPU
		Release|Any CPU = Release|Any CPU
	EndGlobalSection
	GlobalSection(ProjectConfigurationPlatforms) = postSolution
		{24C6F1A9-09E7-4F48-BF5B-2C64904F8B15}.Debug|Any CPU.ActiveCfg = Debug|Any CPU
		{24C6F1A9-09E7-4F48-BF5B-2C64904F8B15}.Debug|Any CPU.Build.0 = Debug|Any CPU
		{24C6F1A9-09E7-4F48-BF5B-2C64904F8B15}.Release|Any CPU.ActiveCfg = Release|Any CPU
		{24C6F1A9-09E7-4F48-BF5B-2C64904F8B15}.Release|Any CPU.Build.0 = Release|Any CPU
	EndGlobalSection
	GlobalSection(SolutionProperties) = preSolution
		HideSolutionNode = FALSE
	EndGlobalSection
	GlobalSection(ExtensibilityGlobals) = postSolution
		SolutionGuid = {0F29E9B3-1C79-4BAC-949A-AB26F37EB045}
	EndGlobalSection
EndGlobal
